PODS:
  - Cuckoo (0.8.3)
  - RxSwift (3.1.0)
  - SnapKit (3.1.2)

DEPENDENCIES:
  - Cuckoo
  - RxSwift
  - SnapKit

SPEC CHECKSUMS:
  Cuckoo: 2daf5d23383c0a24cd60b73287a5813af4793add
  RxSwift: 83ff553e7593fdfdcb2562933a64c0284dffdadc
  SnapKit: 12b24f569cb7c143acc9c22b9d91b23e7b1c84a2

PODFILE CHECKSUM: 7bfaada904775f5fd3dd18c18b5ca5e306ef157b

COCOAPODS: 1.2.0
