// !$*UTF8*$!
{
	archiveVersion = 1;
	classes = {
	};
	objectVersion = 46;
	objects = {

/* Begin PBXBuildFile section */
		19F25D4336835C3784D0BE0E /* Pods_Passenger99Lite.framework in Frameworks */ = {isa = PBXBuildFile; fileRef = 36C060F2291D55EB5BC18D7A /* Pods_Passenger99Lite.framework */; };
		26A8872BBFCC552746248C78 /* Pods_Passenger99LiteUITests.framework in Frameworks */ = {isa = PBXBuildFile; fileRef = C2A3CEBD4E326DEC1C54A628 /* Pods_Passenger99LiteUITests.framework */; };
		55C2844DBEDB556074B2FD9E /* Pods_Passenger99LiteTests.framework in Frameworks */ = {isa = PBXBuildFile; fileRef = 4135E69B9A4D7A4B8E419604 /* Pods_Passenger99LiteTests.framework */; };
		6E62FA3F1E67614F0023F87E /* Presenter.swift in Sources */ = {isa = PBXBuildFile; fileRef = 6E62FA3E1E67614F0023F87E /* Presenter.swift */; };
		6E62FA661E676CF30023F87E /* RideProgressViewController.swift in Sources */ = {isa = PBXBuildFile; fileRef = 6E62FA5D1E676CF30023F87E /* RideProgressViewController.swift */; };
		6E62FA671E676CF30023F87E /* RideProgressViewLayout.swift in Sources */ = {isa = PBXBuildFile; fileRef = 6E62FA5F1E676CF30023F87E /* RideProgressViewLayout.swift */; };
		6E62FA681E676CF30023F87E /* RideProgressViewLayout.xib in Resources */ = {isa = PBXBuildFile; fileRef = 6E62FA601E676CF30023F87E /* RideProgressViewLayout.xib */; };
		6E62FA691E676CF30023F87E /* RideProgressViewModel.swift in Sources */ = {isa = PBXBuildFile; fileRef = 6E62FA611E676CF30023F87E /* RideProgressViewModel.swift */; };
		6E62FA721E676D840023F87E /* RideCompletionViewController.swift in Sources */ = {isa = PBXBuildFile; fileRef = 6E62FA6D1E676D840023F87E /* RideCompletionViewController.swift */; };
		6E62FA731E676D840023F87E /* RideCompletionViewLayout.swift in Sources */ = {isa = PBXBuildFile; fileRef = 6E62FA6F1E676D840023F87E /* RideCompletionViewLayout.swift */; };
		6E62FA741E676D840023F87E /* RideCompletionViewLayout.xib in Resources */ = {isa = PBXBuildFile; fileRef = 6E62FA701E676D840023F87E /* RideCompletionViewLayout.xib */; };
		6E62FA751E676D840023F87E /* RideCompletionViewModel.swift in Sources */ = {isa = PBXBuildFile; fileRef = 6E62FA711E676D840023F87E /* RideCompletionViewModel.swift */; };
		6E62FA791E676E410023F87E /* RideRepository.swift in Sources */ = {isa = PBXBuildFile; fileRef = 6E62FA771E676E410023F87E /* RideRepository.swift */; };
		6E62FA7A1E676E410023F87E /* RideRepositoryType.swift in Sources */ = {isa = PBXBuildFile; fileRef = 6E62FA781E676E410023F87E /* RideRepositoryType.swift */; };
		6E62FA811E677D520023F87E /* Tip.swift in Sources */ = {isa = PBXBuildFile; fileRef = 6E62FA801E677D520023F87E /* Tip.swift */; };
		6E62FA831E68771D0023F87E /* RideCompletionDefinition.swift in Sources */ = {isa = PBXBuildFile; fileRef = 6E62FA821E68771D0023F87E /* RideCompletionDefinition.swift */; };
		6E62FA851E6877480023F87E /* RideCompletionPresenter.swift in Sources */ = {isa = PBXBuildFile; fileRef = 6E62FA841E6877480023F87E /* RideCompletionPresenter.swift */; };
		6E62FA871E6877620023F87E /* RideProgressDefinition.swift in Sources */ = {isa = PBXBuildFile; fileRef = 6E62FA861E6877620023F87E /* RideProgressDefinition.swift */; };
		6E62FA891E6877810023F87E /* RideProgressPresenter.swift in Sources */ = {isa = PBXBuildFile; fileRef = 6E62FA881E6877810023F87E /* RideProgressPresenter.swift */; };
		6ECC0DA21E673A7B0015FF5D /* Passenger99LiteTests.swift in Sources */ = {isa = PBXBuildFile; fileRef = 6ECC0DA11E673A7B0015FF5D /* Passenger99LiteTests.swift */; };
		6ECC0DAD1E673A7B0015FF5D /* Passenger99LiteUITests.swift in Sources */ = {isa = PBXBuildFile; fileRef = 6ECC0DAC1E673A7B0015FF5D /* Passenger99LiteUITests.swift */; };
		6ECC0DC71E673B420015FF5D /* Assets.xcassets in Resources */ = {isa = PBXBuildFile; fileRef = 6ECC0DBB1E673B420015FF5D /* Assets.xcassets */; };
		6ECC0DC81E673B420015FF5D /* LaunchScreen.storyboard in Resources */ = {isa = PBXBuildFile; fileRef = 6ECC0DBC1E673B420015FF5D /* LaunchScreen.storyboard */; };
		6ECC0DCF1E673B650015FF5D /* AppDelegate.swift in Sources */ = {isa = PBXBuildFile; fileRef = 6ECC0DCE1E673B650015FF5D /* AppDelegate.swift */; };
		6ECC0DD11E673C150015FF5D /* RideCoordinator.swift in Sources */ = {isa = PBXBuildFile; fileRef = 6ECC0DD01E673C150015FF5D /* RideCoordinator.swift */; };
		6ECC0DD81E6746FA0015FF5D /* NibLoadable.swift in Sources */ = {isa = PBXBuildFile; fileRef = 6ECC0DD71E6746FA0015FF5D /* NibLoadable.swift */; };
		741374251E68816C006A9085 /* GeneratedMocks.swift in Sources */ = {isa = PBXBuildFile; fileRef = 741374241E68816C006A9085 /* GeneratedMocks.swift */; };
		7413742A1E6885F6006A9085 /* RideCompletionViewModelTests.swift in Sources */ = {isa = PBXBuildFile; fileRef = 741374291E6885F6006A9085 /* RideCompletionViewModelTests.swift */; };
		74576A1C1E68905E00A5D0EB /* RideCompletionPresenterTests.swift in Sources */ = {isa = PBXBuildFile; fileRef = 74576A1B1E68905E00A5D0EB /* RideCompletionPresenterTests.swift */; };
		74576A211E68B36200A5D0EB /* RideProgressViewLayoutTests.swift in Sources */ = {isa = PBXBuildFile; fileRef = 74576A201E68B36200A5D0EB /* RideProgressViewLayoutTests.swift */; };
		74576A241E68B3BA00A5D0EB /* RideCoordinatorTests.swift in Sources */ = {isa = PBXBuildFile; fileRef = 74576A231E68B3BA00A5D0EB /* RideCoordinatorTests.swift */; };
/* End PBXBuildFile section */

/* Begin PBXContainerItemProxy section */
		6ECC0D9E1E673A7B0015FF5D /* PBXContainerItemProxy */ = {
			isa = PBXContainerItemProxy;
			containerPortal = 6ECC0D811E673A7B0015FF5D /* Project object */;
			proxyType = 1;
			remoteGlobalIDString = 6ECC0D881E673A7B0015FF5D;
			remoteInfo = Passenger99Lite;
		};
		6ECC0DA91E673A7B0015FF5D /* PBXContainerItemProxy */ = {
			isa = PBXContainerItemProxy;
			containerPortal = 6ECC0D811E673A7B0015FF5D /* Project object */;
			proxyType = 1;
			remoteGlobalIDString = 6ECC0D881E673A7B0015FF5D;
			remoteInfo = Passenger99Lite;
		};
/* End PBXContainerItemProxy section */

/* Begin PBXFileReference section */
		2154A53075522CEC1FBE0EB8 /* Pods-Passenger99LiteUITests.debug.xcconfig */ = {isa = PBXFileReference; includeInIndex = 1; lastKnownFileType = text.xcconfig; name = "Pods-Passenger99LiteUITests.debug.xcconfig"; path = "Pods/Target Support Files/Pods-Passenger99LiteUITests/Pods-Passenger99LiteUITests.debug.xcconfig"; sourceTree = "<group>"; };
		36C060F2291D55EB5BC18D7A /* Pods_Passenger99Lite.framework */ = {isa = PBXFileReference; explicitFileType = wrapper.framework; includeInIndex = 0; path = Pods_Passenger99Lite.framework; sourceTree = BUILT_PRODUCTS_DIR; };
		4135E69B9A4D7A4B8E419604 /* Pods_Passenger99LiteTests.framework */ = {isa = PBXFileReference; explicitFileType = wrapper.framework; includeInIndex = 0; path = Pods_Passenger99LiteTests.framework; sourceTree = BUILT_PRODUCTS_DIR; };
		6E62FA3E1E67614F0023F87E /* Presenter.swift */ = {isa = PBXFileReference; fileEncoding = 4; lastKnownFileType = sourcecode.swift; path = Presenter.swift; sourceTree = "<group>"; };
		6E62FA5D1E676CF30023F87E /* RideProgressViewController.swift */ = {isa = PBXFileReference; fileEncoding = 4; lastKnownFileType = sourcecode.swift; path = RideProgressViewController.swift; sourceTree = "<group>"; };
		6E62FA5F1E676CF30023F87E /* RideProgressViewLayout.swift */ = {isa = PBXFileReference; fileEncoding = 4; lastKnownFileType = sourcecode.swift; path = RideProgressViewLayout.swift; sourceTree = "<group>"; };
		6E62FA601E676CF30023F87E /* RideProgressViewLayout.xib */ = {isa = PBXFileReference; fileEncoding = 4; lastKnownFileType = file.xib; path = RideProgressViewLayout.xib; sourceTree = "<group>"; };
		6E62FA611E676CF30023F87E /* RideProgressViewModel.swift */ = {isa = PBXFileReference; fileEncoding = 4; lastKnownFileType = sourcecode.swift; path = RideProgressViewModel.swift; sourceTree = "<group>"; };
		6E62FA6D1E676D840023F87E /* RideCompletionViewController.swift */ = {isa = PBXFileReference; fileEncoding = 4; lastKnownFileType = sourcecode.swift; path = RideCompletionViewController.swift; sourceTree = "<group>"; };
		6E62FA6F1E676D840023F87E /* RideCompletionViewLayout.swift */ = {isa = PBXFileReference; fileEncoding = 4; lastKnownFileType = sourcecode.swift; path = RideCompletionViewLayout.swift; sourceTree = "<group>"; };
		6E62FA701E676D840023F87E /* RideCompletionViewLayout.xib */ = {isa = PBXFileReference; fileEncoding = 4; lastKnownFileType = file.xib; path = RideCompletionViewLayout.xib; sourceTree = "<group>"; };
		6E62FA711E676D840023F87E /* RideCompletionViewModel.swift */ = {isa = PBXFileReference; fileEncoding = 4; lastKnownFileType = sourcecode.swift; path = RideCompletionViewModel.swift; sourceTree = "<group>"; };
		6E62FA771E676E410023F87E /* RideRepository.swift */ = {isa = PBXFileReference; fileEncoding = 4; lastKnownFileType = sourcecode.swift; path = RideRepository.swift; sourceTree = "<group>"; };
		6E62FA781E676E410023F87E /* RideRepositoryType.swift */ = {isa = PBXFileReference; fileEncoding = 4; lastKnownFileType = sourcecode.swift; path = RideRepositoryType.swift; sourceTree = "<group>"; };
		6E62FA801E677D520023F87E /* Tip.swift */ = {isa = PBXFileReference; fileEncoding = 4; lastKnownFileType = sourcecode.swift; path = Tip.swift; sourceTree = "<group>"; };
		6E62FA821E68771D0023F87E /* RideCompletionDefinition.swift */ = {isa = PBXFileReference; fileEncoding = 4; lastKnownFileType = sourcecode.swift; path = RideCompletionDefinition.swift; sourceTree = "<group>"; };
		6E62FA841E6877480023F87E /* RideCompletionPresenter.swift */ = {isa = PBXFileReference; fileEncoding = 4; lastKnownFileType = sourcecode.swift; path = RideCompletionPresenter.swift; sourceTree = "<group>"; };
		6E62FA861E6877620023F87E /* RideProgressDefinition.swift */ = {isa = PBXFileReference; fileEncoding = 4; lastKnownFileType = sourcecode.swift; path = RideProgressDefinition.swift; sourceTree = "<group>"; };
		6E62FA881E6877810023F87E /* RideProgressPresenter.swift */ = {isa = PBXFileReference; fileEncoding = 4; lastKnownFileType = sourcecode.swift; path = RideProgressPresenter.swift; sourceTree = "<group>"; };
		6ECC0D891E673A7B0015FF5D /* Passenger99Lite.app */ = {isa = PBXFileReference; explicitFileType = wrapper.application; includeInIndex = 0; path = Passenger99Lite.app; sourceTree = BUILT_PRODUCTS_DIR; };
		6ECC0D9D1E673A7B0015FF5D /* Passenger99LiteTests.xctest */ = {isa = PBXFileReference; explicitFileType = wrapper.cfbundle; includeInIndex = 0; path = Passenger99LiteTests.xctest; sourceTree = BUILT_PRODUCTS_DIR; };
		6ECC0DA11E673A7B0015FF5D /* Passenger99LiteTests.swift */ = {isa = PBXFileReference; lastKnownFileType = sourcecode.swift; path = Passenger99LiteTests.swift; sourceTree = "<group>"; };
		6ECC0DA31E673A7B0015FF5D /* Info.plist */ = {isa = PBXFileReference; lastKnownFileType = text.plist.xml; path = Info.plist; sourceTree = "<group>"; };
		6ECC0DA81E673A7B0015FF5D /* Passenger99LiteUITests.xctest */ = {isa = PBXFileReference; explicitFileType = wrapper.cfbundle; includeInIndex = 0; path = Passenger99LiteUITests.xctest; sourceTree = BUILT_PRODUCTS_DIR; };
		6ECC0DAC1E673A7B0015FF5D /* Passenger99LiteUITests.swift */ = {isa = PBXFileReference; lastKnownFileType = sourcecode.swift; path = Passenger99LiteUITests.swift; sourceTree = "<group>"; };
		6ECC0DAE1E673A7B0015FF5D /* Info.plist */ = {isa = PBXFileReference; lastKnownFileType = text.plist.xml; path = Info.plist; sourceTree = "<group>"; };
		6ECC0DBB1E673B420015FF5D /* Assets.xcassets */ = {isa = PBXFileReference; lastKnownFileType = folder.assetcatalog; path = Assets.xcassets; sourceTree = "<group>"; };
		6ECC0DBD1E673B420015FF5D /* Base */ = {isa = PBXFileReference; lastKnownFileType = file.storyboard; name = Base; path = Base.lproj/LaunchScreen.storyboard; sourceTree = "<group>"; };
		6ECC0DC01E673B420015FF5D /* Info.plist */ = {isa = PBXFileReference; fileEncoding = 4; lastKnownFileType = text.plist.xml; path = Info.plist; sourceTree = "<group>"; };
		6ECC0DCE1E673B650015FF5D /* AppDelegate.swift */ = {isa = PBXFileReference; fileEncoding = 4; lastKnownFileType = sourcecode.swift; path = AppDelegate.swift; sourceTree = "<group>"; };
		6ECC0DD01E673C150015FF5D /* RideCoordinator.swift */ = {isa = PBXFileReference; fileEncoding = 4; lastKnownFileType = sourcecode.swift; path = RideCoordinator.swift; sourceTree = "<group>"; };
		6ECC0DD71E6746FA0015FF5D /* NibLoadable.swift */ = {isa = PBXFileReference; fileEncoding = 4; lastKnownFileType = sourcecode.swift; path = NibLoadable.swift; sourceTree = "<group>"; };
		73E81B242B979391801BA667 /* Pods-Passenger99LiteTests.release.xcconfig */ = {isa = PBXFileReference; includeInIndex = 1; lastKnownFileType = text.xcconfig; name = "Pods-Passenger99LiteTests.release.xcconfig"; path = "Pods/Target Support Files/Pods-Passenger99LiteTests/Pods-Passenger99LiteTests.release.xcconfig"; sourceTree = "<group>"; };
		741374241E68816C006A9085 /* GeneratedMocks.swift */ = {isa = PBXFileReference; fileEncoding = 4; lastKnownFileType = sourcecode.swift; path = GeneratedMocks.swift; sourceTree = "<group>"; };
		741374291E6885F6006A9085 /* RideCompletionViewModelTests.swift */ = {isa = PBXFileReference; fileEncoding = 4; lastKnownFileType = sourcecode.swift; path = RideCompletionViewModelTests.swift; sourceTree = "<group>"; };
		74576A1B1E68905E00A5D0EB /* RideCompletionPresenterTests.swift */ = {isa = PBXFileReference; fileEncoding = 4; lastKnownFileType = sourcecode.swift; path = RideCompletionPresenterTests.swift; sourceTree = "<group>"; };
		74576A201E68B36200A5D0EB /* RideProgressViewLayoutTests.swift */ = {isa = PBXFileReference; fileEncoding = 4; lastKnownFileType = sourcecode.swift; path = RideProgressViewLayoutTests.swift; sourceTree = "<group>"; };
		74576A231E68B3BA00A5D0EB /* RideCoordinatorTests.swift */ = {isa = PBXFileReference; fileEncoding = 4; lastKnownFileType = sourcecode.swift; path = RideCoordinatorTests.swift; sourceTree = "<group>"; };
		7DFF7DDF1648609FD184B748 /* Pods-Passenger99LiteUITests.release.xcconfig */ = {isa = PBXFileReference; includeInIndex = 1; lastKnownFileType = text.xcconfig; name = "Pods-Passenger99LiteUITests.release.xcconfig"; path = "Pods/Target Support Files/Pods-Passenger99LiteUITests/Pods-Passenger99LiteUITests.release.xcconfig"; sourceTree = "<group>"; };
		ACA44C32080AC6FEB11B33CC /* Pods-Passenger99Lite.release.xcconfig */ = {isa = PBXFileReference; includeInIndex = 1; lastKnownFileType = text.xcconfig; name = "Pods-Passenger99Lite.release.xcconfig"; path = "Pods/Target Support Files/Pods-Passenger99Lite/Pods-Passenger99Lite.release.xcconfig"; sourceTree = "<group>"; };
		C2A3CEBD4E326DEC1C54A628 /* Pods_Passenger99LiteUITests.framework */ = {isa = PBXFileReference; explicitFileType = wrapper.framework; includeInIndex = 0; path = Pods_Passenger99LiteUITests.framework; sourceTree = BUILT_PRODUCTS_DIR; };
		D621A2877B8E803E0C60F7DD /* Pods-Passenger99LiteTests.debug.xcconfig */ = {isa = PBXFileReference; includeInIndex = 1; lastKnownFileType = text.xcconfig; name = "Pods-Passenger99LiteTests.debug.xcconfig"; path = "Pods/Target Support Files/Pods-Passenger99LiteTests/Pods-Passenger99LiteTests.debug.xcconfig"; sourceTree = "<group>"; };
		FF421977282E658651CB95DE /* Pods-Passenger99Lite.debug.xcconfig */ = {isa = PBXFileReference; includeInIndex = 1; lastKnownFileType = text.xcconfig; name = "Pods-Passenger99Lite.debug.xcconfig"; path = "Pods/Target Support Files/Pods-Passenger99Lite/Pods-Passenger99Lite.debug.xcconfig"; sourceTree = "<group>"; };
/* End PBXFileReference section */

/* Begin PBXFrameworksBuildPhase section */
		6ECC0D861E673A7B0015FF5D /* Frameworks */ = {
			isa = PBXFrameworksBuildPhase;
			buildActionMask = 2147483647;
			files = (
				19F25D4336835C3784D0BE0E /* Pods_Passenger99Lite.framework in Frameworks */,
			);
			runOnlyForDeploymentPostprocessing = 0;
		};
		6ECC0D9A1E673A7B0015FF5D /* Frameworks */ = {
			isa = PBXFrameworksBuildPhase;
			buildActionMask = 2147483647;
			files = (
				55C2844DBEDB556074B2FD9E /* Pods_Passenger99LiteTests.framework in Frameworks */,
			);
			runOnlyForDeploymentPostprocessing = 0;
		};
		6ECC0DA51E673A7B0015FF5D /* Frameworks */ = {
			isa = PBXFrameworksBuildPhase;
			buildActionMask = 2147483647;
			files = (
				26A8872BBFCC552746248C78 /* Pods_Passenger99LiteUITests.framework in Frameworks */,
			);
			runOnlyForDeploymentPostprocessing = 0;
		};
/* End PBXFrameworksBuildPhase section */

/* Begin PBXGroup section */
		035F38A30DF47B501E0F38A0 /* Pods */ = {
			isa = PBXGroup;
			children = (
				FF421977282E658651CB95DE /* Pods-Passenger99Lite.debug.xcconfig */,
				ACA44C32080AC6FEB11B33CC /* Pods-Passenger99Lite.release.xcconfig */,
				D621A2877B8E803E0C60F7DD /* Pods-Passenger99LiteTests.debug.xcconfig */,
				73E81B242B979391801BA667 /* Pods-Passenger99LiteTests.release.xcconfig */,
				2154A53075522CEC1FBE0EB8 /* Pods-Passenger99LiteUITests.debug.xcconfig */,
				7DFF7DDF1648609FD184B748 /* Pods-Passenger99LiteUITests.release.xcconfig */,
			);
			name = Pods;
			sourceTree = "<group>";
		};
		1D7D3A7FBF529B1772520502 /* Frameworks */ = {
			isa = PBXGroup;
			children = (
				36C060F2291D55EB5BC18D7A /* Pods_Passenger99Lite.framework */,
				4135E69B9A4D7A4B8E419604 /* Pods_Passenger99LiteTests.framework */,
				C2A3CEBD4E326DEC1C54A628 /* Pods_Passenger99LiteUITests.framework */,
			);
			name = Frameworks;
			sourceTree = "<group>";
		};
		6E62FA541E676CF30023F87E /* RideCompletion */ = {
			isa = PBXGroup;
			children = (
				6E62FA821E68771D0023F87E /* RideCompletionDefinition.swift */,
				6E62FA841E6877480023F87E /* RideCompletionPresenter.swift */,
				6E62FA6C1E676D4B0023F87E /* RideCompletionViewController */,
			);
			path = RideCompletion;
			sourceTree = "<group>";
		};
		6E62FA551E676CF30023F87E /* RideProgress */ = {
			isa = PBXGroup;
			children = (
				6E62FA861E6877620023F87E /* RideProgressDefinition.swift */,
				6E62FA881E6877810023F87E /* RideProgressPresenter.swift */,
				6E62FA5C1E676CF30023F87E /* RideProgressViewController */,
			);
			path = RideProgress;
			sourceTree = "<group>";
		};
		6E62FA5C1E676CF30023F87E /* RideProgressViewController */ = {
			isa = PBXGroup;
			children = (
				6E62FA5E1E676CF30023F87E /* Views */,
				6E62FA5D1E676CF30023F87E /* RideProgressViewController.swift */,
			);
			path = RideProgressViewController;
			sourceTree = "<group>";
		};
		6E62FA5E1E676CF30023F87E /* Views */ = {
			isa = PBXGroup;
			children = (
				6E62FA5F1E676CF30023F87E /* RideProgressViewLayout.swift */,
				6E62FA611E676CF30023F87E /* RideProgressViewModel.swift */,
				6E62FA601E676CF30023F87E /* RideProgressViewLayout.xib */,
			);
			path = Views;
			sourceTree = "<group>";
		};
		6E62FA6C1E676D4B0023F87E /* RideCompletionViewController */ = {
			isa = PBXGroup;
			children = (
				6E62FA6E1E676D840023F87E /* Views */,
				6E62FA6D1E676D840023F87E /* RideCompletionViewController.swift */,
			);
			path = RideCompletionViewController;
			sourceTree = "<group>";
		};
		6E62FA6E1E676D840023F87E /* Views */ = {
			isa = PBXGroup;
			children = (
				6E62FA6F1E676D840023F87E /* RideCompletionViewLayout.swift */,
				6E62FA711E676D840023F87E /* RideCompletionViewModel.swift */,
				6E62FA701E676D840023F87E /* RideCompletionViewLayout.xib */,
			);
			path = Views;
			sourceTree = "<group>";
		};
		6E62FA761E676E410023F87E /* RideRepository */ = {
			isa = PBXGroup;
			children = (
				6E62FA771E676E410023F87E /* RideRepository.swift */,
				6E62FA781E676E410023F87E /* RideRepositoryType.swift */,
			);
			path = RideRepository;
			sourceTree = "<group>";
		};
		6E62FA7F1E677D410023F87E /* Model */ = {
			isa = PBXGroup;
			children = (
				6E62FA801E677D520023F87E /* Tip.swift */,
			);
			path = Model;
			sourceTree = "<group>";
		};
		6ECC0D801E673A7B0015FF5D = {
			isa = PBXGroup;
			children = (
				6ECC0D8B1E673A7B0015FF5D /* Passenger99Lite */,
				6ECC0DA01E673A7B0015FF5D /* Passenger99LiteTests */,
				6ECC0DAB1E673A7B0015FF5D /* Passenger99LiteUITests */,
				6ECC0D8A1E673A7B0015FF5D /* Products */,
				035F38A30DF47B501E0F38A0 /* Pods */,
				1D7D3A7FBF529B1772520502 /* Frameworks */,
			);
			sourceTree = "<group>";
		};
		6ECC0D8A1E673A7B0015FF5D /* Products */ = {
			isa = PBXGroup;
			children = (
				6ECC0D891E673A7B0015FF5D /* Passenger99Lite.app */,
				6ECC0D9D1E673A7B0015FF5D /* Passenger99LiteTests.xctest */,
				6ECC0DA81E673A7B0015FF5D /* Passenger99LiteUITests.xctest */,
			);
			name = Products;
			sourceTree = "<group>";
		};
		6ECC0D8B1E673A7B0015FF5D /* Passenger99Lite */ = {
			isa = PBXGroup;
			children = (
				6ECC0DBA1E673B420015FF5D /* Resources */,
				6ECC0DC11E673B420015FF5D /* Sources */,
			);
			path = Passenger99Lite;
			sourceTree = "<group>";
		};
		6ECC0DA01E673A7B0015FF5D /* Passenger99LiteTests */ = {
			isa = PBXGroup;
			children = (
				74576A221E68B3B000A5D0EB /* RideCoordinatorTests */,
				741374281E6885D2006A9085 /* RideCompletionTests */,
				74576A1F1E68B36200A5D0EB /* RideProgressTests */,
				741374241E68816C006A9085 /* GeneratedMocks.swift */,
				6ECC0DA11E673A7B0015FF5D /* Passenger99LiteTests.swift */,
				6ECC0DA31E673A7B0015FF5D /* Info.plist */,
			);
			path = Passenger99LiteTests;
			sourceTree = "<group>";
		};
		6ECC0DAB1E673A7B0015FF5D /* Passenger99LiteUITests */ = {
			isa = PBXGroup;
			children = (
				6ECC0DAC1E673A7B0015FF5D /* Passenger99LiteUITests.swift */,
				6ECC0DAE1E673A7B0015FF5D /* Info.plist */,
			);
			path = Passenger99LiteUITests;
			sourceTree = "<group>";
		};
		6ECC0DBA1E673B420015FF5D /* Resources */ = {
			isa = PBXGroup;
			children = (
				6ECC0DBB1E673B420015FF5D /* Assets.xcassets */,
				6ECC0DBC1E673B420015FF5D /* LaunchScreen.storyboard */,
				6ECC0DC01E673B420015FF5D /* Info.plist */,
			);
			path = Resources;
			sourceTree = "<group>";
		};
		6ECC0DC11E673B420015FF5D /* Sources */ = {
			isa = PBXGroup;
			children = (
				6E62FA7F1E677D410023F87E /* Model */,
				6ECC0DCD1E673B650015FF5D /* Main */,
				6ECC0DC31E673B420015FF5D /* Modules */,
				6ECC0DD61E6746EE0015FF5D /* Protocols */,
			);
			path = Sources;
			sourceTree = "<group>";
		};
		6ECC0DC31E673B420015FF5D /* Modules */ = {
			isa = PBXGroup;
			children = (
				6ECC0DC41E673B420015FF5D /* Ride */,
			);
			path = Modules;
			sourceTree = "<group>";
		};
		6ECC0DC41E673B420015FF5D /* Ride */ = {
			isa = PBXGroup;
			children = (
				6ECC0DD01E673C150015FF5D /* RideCoordinator.swift */,
				6E62FA551E676CF30023F87E /* RideProgress */,
				6E62FA541E676CF30023F87E /* RideCompletion */,
				6E62FA761E676E410023F87E /* RideRepository */,
			);
			path = Ride;
			sourceTree = "<group>";
		};
		6ECC0DCD1E673B650015FF5D /* Main */ = {
			isa = PBXGroup;
			children = (
				6ECC0DCE1E673B650015FF5D /* AppDelegate.swift */,
			);
			path = Main;
			sourceTree = "<group>";
		};
		6ECC0DD61E6746EE0015FF5D /* Protocols */ = {
			isa = PBXGroup;
			children = (
				6ECC0DD71E6746FA0015FF5D /* NibLoadable.swift */,
				6E62FA3E1E67614F0023F87E /* Presenter.swift */,
			);
			path = Protocols;
			sourceTree = "<group>";
		};
		741374281E6885D2006A9085 /* RideCompletionTests */ = {
			isa = PBXGroup;
			children = (
				741374291E6885F6006A9085 /* RideCompletionViewModelTests.swift */,
				74576A1B1E68905E00A5D0EB /* RideCompletionPresenterTests.swift */,
			);
			path = RideCompletionTests;
			sourceTree = "<group>";
		};
		74576A1F1E68B36200A5D0EB /* RideProgressTests */ = {
			isa = PBXGroup;
			children = (
				74576A201E68B36200A5D0EB /* RideProgressViewLayoutTests.swift */,
			);
			path = RideProgressTests;
			sourceTree = "<group>";
		};
		74576A221E68B3B000A5D0EB /* RideCoordinatorTests */ = {
			isa = PBXGroup;
			children = (
				74576A231E68B3BA00A5D0EB /* RideCoordinatorTests.swift */,
			);
			path = RideCoordinatorTests;
			sourceTree = "<group>";
		};
/* End PBXGroup section */

/* Begin PBXNativeTarget section */
		6ECC0D881E673A7B0015FF5D /* Passenger99Lite */ = {
			isa = PBXNativeTarget;
			buildConfigurationList = 6ECC0DB11E673A7B0015FF5D /* Build configuration list for PBXNativeTarget "Passenger99Lite" */;
			buildPhases = (
				606C28B226B5761B3DAE7202 /* [CP] Check Pods Manifest.lock */,
				6ECC0D851E673A7B0015FF5D /* Sources */,
				6ECC0D861E673A7B0015FF5D /* Frameworks */,
				6ECC0D871E673A7B0015FF5D /* Resources */,
				7D9DE8B49FEBB849370FD81B /* [CP] Embed Pods Frameworks */,
				944652F8E2139AB1E4D5B41F /* [CP] Copy Pods Resources */,
			);
			buildRules = (
			);
			dependencies = (
			);
			name = Passenger99Lite;
			productName = Passenger99Lite;
			productReference = 6ECC0D891E673A7B0015FF5D /* Passenger99Lite.app */;
			productType = "com.apple.product-type.application";
		};
		6ECC0D9C1E673A7B0015FF5D /* Passenger99LiteTests */ = {
			isa = PBXNativeTarget;
			buildConfigurationList = 6ECC0DB41E673A7B0015FF5D /* Build configuration list for PBXNativeTarget "Passenger99LiteTests" */;
			buildPhases = (
				CA59BF5B785F1BB1B78E0051 /* [CP] Check Pods Manifest.lock */,
				741374231E687F9B006A9085 /* Cuckoo */,
				6ECC0D991E673A7B0015FF5D /* Sources */,
				6ECC0D9A1E673A7B0015FF5D /* Frameworks */,
				6ECC0D9B1E673A7B0015FF5D /* Resources */,
				18795103AADDD6B75B72E171 /* [CP] Embed Pods Frameworks */,
				0C98DD0AE3B2F595FD3A4E31 /* [CP] Copy Pods Resources */,
			);
			buildRules = (
			);
			dependencies = (
				6ECC0D9F1E673A7B0015FF5D /* PBXTargetDependency */,
			);
			name = Passenger99LiteTests;
			productName = Passenger99LiteTests;
			productReference = 6ECC0D9D1E673A7B0015FF5D /* Passenger99LiteTests.xctest */;
			productType = "com.apple.product-type.bundle.unit-test";
		};
		6ECC0DA71E673A7B0015FF5D /* Passenger99LiteUITests */ = {
			isa = PBXNativeTarget;
			buildConfigurationList = 6ECC0DB71E673A7B0015FF5D /* Build configuration list for PBXNativeTarget "Passenger99LiteUITests" */;
			buildPhases = (
				38FD2E359213B34CAA67AB5C /* [CP] Check Pods Manifest.lock */,
				6ECC0DA41E673A7B0015FF5D /* Sources */,
				6ECC0DA51E673A7B0015FF5D /* Frameworks */,
				6ECC0DA61E673A7B0015FF5D /* Resources */,
				35296C7BF276129149BA6EDA /* [CP] Embed Pods Frameworks */,
				E66052198D1EA4DEAAD60C16 /* [CP] Copy Pods Resources */,
			);
			buildRules = (
			);
			dependencies = (
				6ECC0DAA1E673A7B0015FF5D /* PBXTargetDependency */,
			);
			name = Passenger99LiteUITests;
			productName = Passenger99LiteUITests;
			productReference = 6ECC0DA81E673A7B0015FF5D /* Passenger99LiteUITests.xctest */;
			productType = "com.apple.product-type.bundle.ui-testing";
		};
/* End PBXNativeTarget section */

/* Begin PBXProject section */
		6ECC0D811E673A7B0015FF5D /* Project object */ = {
			isa = PBXProject;
			attributes = {
				LastSwiftUpdateCheck = 0820;
				LastUpgradeCheck = 0820;
				ORGANIZATIONNAME = 99;
				TargetAttributes = {
					6ECC0D881E673A7B0015FF5D = {
						CreatedOnToolsVersion = 8.2;
						DevelopmentTeam = X36AT7C9SA;
						ProvisioningStyle = Automatic;
					};
					6ECC0D9C1E673A7B0015FF5D = {
						CreatedOnToolsVersion = 8.2;
						DevelopmentTeam = X36AT7C9SA;
						ProvisioningStyle = Automatic;
						TestTargetID = 6ECC0D881E673A7B0015FF5D;
					};
					6ECC0DA71E673A7B0015FF5D = {
						CreatedOnToolsVersion = 8.2;
						DevelopmentTeam = X36AT7C9SA;
						ProvisioningStyle = Automatic;
						TestTargetID = 6ECC0D881E673A7B0015FF5D;
					};
				};
			};
			buildConfigurationList = 6ECC0D841E673A7B0015FF5D /* Build configuration list for PBXProject "Passenger99Lite" */;
			compatibilityVersion = "Xcode 3.2";
			developmentRegion = English;
			hasScannedForEncodings = 0;
			knownRegions = (
				en,
				Base,
			);
			mainGroup = 6ECC0D801E673A7B0015FF5D;
			productRefGroup = 6ECC0D8A1E673A7B0015FF5D /* Products */;
			projectDirPath = "";
			projectRoot = "";
			targets = (
				6ECC0D881E673A7B0015FF5D /* Passenger99Lite */,
				6ECC0D9C1E673A7B0015FF5D /* Passenger99LiteTests */,
				6ECC0DA71E673A7B0015FF5D /* Passenger99LiteUITests */,
			);
		};
/* End PBXProject section */

/* Begin PBXResourcesBuildPhase section */
		6ECC0D871E673A7B0015FF5D /* Resources */ = {
			isa = PBXResourcesBuildPhase;
			buildActionMask = 2147483647;
			files = (
				6E62FA681E676CF30023F87E /* RideProgressViewLayout.xib in Resources */,
				6E62FA741E676D840023F87E /* RideCompletionViewLayout.xib in Resources */,
				6ECC0DC71E673B420015FF5D /* Assets.xcassets in Resources */,
				6ECC0DC81E673B420015FF5D /* LaunchScreen.storyboard in Resources */,
			);
			runOnlyForDeploymentPostprocessing = 0;
		};
		6ECC0D9B1E673A7B0015FF5D /* Resources */ = {
			isa = PBXResourcesBuildPhase;
			buildActionMask = 2147483647;
			files = (
			);
			runOnlyForDeploymentPostprocessing = 0;
		};
		6ECC0DA61E673A7B0015FF5D /* Resources */ = {
			isa = PBXResourcesBuildPhase;
			buildActionMask = 2147483647;
			files = (
			);
			runOnlyForDeploymentPostprocessing = 0;
		};
/* End PBXResourcesBuildPhase section */

/* Begin PBXShellScriptBuildPhase section */
		0C98DD0AE3B2F595FD3A4E31 /* [CP] Copy Pods Resources */ = {
			isa = PBXShellScriptBuildPhase;
			buildActionMask = 2147483647;
			files = (
			);
			inputPaths = (
			);
			name = "[CP] Copy Pods Resources";
			outputPaths = (
			);
			runOnlyForDeploymentPostprocessing = 0;
			shellPath = /bin/sh;
			shellScript = "\"${SRCROOT}/Pods/Target Support Files/Pods-Passenger99LiteTests/Pods-Passenger99LiteTests-resources.sh\"\n";
			showEnvVarsInLog = 0;
		};
		18795103AADDD6B75B72E171 /* [CP] Embed Pods Frameworks */ = {
			isa = PBXShellScriptBuildPhase;
			buildActionMask = 2147483647;
			files = (
			);
			inputPaths = (
			);
			name = "[CP] Embed Pods Frameworks";
			outputPaths = (
			);
			runOnlyForDeploymentPostprocessing = 0;
			shellPath = /bin/sh;
			shellScript = "\"${SRCROOT}/Pods/Target Support Files/Pods-Passenger99LiteTests/Pods-Passenger99LiteTests-frameworks.sh\"\n";
			showEnvVarsInLog = 0;
		};
		35296C7BF276129149BA6EDA /* [CP] Embed Pods Frameworks */ = {
			isa = PBXShellScriptBuildPhase;
			buildActionMask = 2147483647;
			files = (
			);
			inputPaths = (
			);
			name = "[CP] Embed Pods Frameworks";
			outputPaths = (
			);
			runOnlyForDeploymentPostprocessing = 0;
			shellPath = /bin/sh;
			shellScript = "\"${SRCROOT}/Pods/Target Support Files/Pods-Passenger99LiteUITests/Pods-Passenger99LiteUITests-frameworks.sh\"\n";
			showEnvVarsInLog = 0;
		};
		38FD2E359213B34CAA67AB5C /* [CP] Check Pods Manifest.lock */ = {
			isa = PBXShellScriptBuildPhase;
			buildActionMask = 2147483647;
			files = (
			);
			inputPaths = (
			);
			name = "[CP] Check Pods Manifest.lock";
			outputPaths = (
			);
			runOnlyForDeploymentPostprocessing = 0;
			shellPath = /bin/sh;
			shellScript = "diff \"${PODS_ROOT}/../Podfile.lock\" \"${PODS_ROOT}/Manifest.lock\" > /dev/null\nif [ $? != 0 ] ; then\n    # print error to STDERR\n    echo \"error: The sandbox is not in sync with the Podfile.lock. Run 'pod install' or update your CocoaPods installation.\" >&2\n    exit 1\nfi\n";
			showEnvVarsInLog = 0;
		};
		606C28B226B5761B3DAE7202 /* [CP] Check Pods Manifest.lock */ = {
			isa = PBXShellScriptBuildPhase;
			buildActionMask = 2147483647;
			files = (
			);
			inputPaths = (
			);
			name = "[CP] Check Pods Manifest.lock";
			outputPaths = (
			);
			runOnlyForDeploymentPostprocessing = 0;
			shellPath = /bin/sh;
			shellScript = "diff \"${PODS_ROOT}/../Podfile.lock\" \"${PODS_ROOT}/Manifest.lock\" > /dev/null\nif [ $? != 0 ] ; then\n    # print error to STDERR\n    echo \"error: The sandbox is not in sync with the Podfile.lock. Run 'pod install' or update your CocoaPods installation.\" >&2\n    exit 1\nfi\n";
			showEnvVarsInLog = 0;
		};
		741374231E687F9B006A9085 /* Cuckoo */ = {
			isa = PBXShellScriptBuildPhase;
			buildActionMask = 2147483647;
			files = (
			);
			inputPaths = (
			);
			name = Cuckoo;
			outputPaths = (
			);
			runOnlyForDeploymentPostprocessing = 0;
			shellPath = /bin/sh;
			shellScript = "# Define output file. Change \"$PROJECT_DIR/Tests\" to your test's root source folder, if it's not the default name.\nOUTPUT_FILE=\"$PROJECT_DIR/Passenger99LiteTests/GeneratedMocks.swift\"\necho \"Generated Mocks File = $OUTPUT_FILE\"\n\n# Define input directory. Change \"$PROJECT_DIR\" to your project's root source folder, if it's not the default name.\nINPUT_DIR=\"$PROJECT_DIR\"\necho \"Mocks Input Directory = $INPUT_DIR\"\n\n# Generate mock files, include as many input files as you'd like to create mocks for.\n${PODS_ROOT}/Cuckoo/run generate --testable \"$PROJECT_NAME\" \\\n--output \"${OUTPUT_FILE}\" \\\n\"$INPUT_DIR/Passenger99Lite/Sources/Modules/Ride/RideProgress/RideProgressDefinition.swift\" \\\n\"$INPUT_DIR/Passenger99Lite/Sources/Modules/Ride/RideCompletion/RideCompletionDefinition.swift\" \\\n\"$INPUT_DIR/Passenger99Lite/Sources/Protocols/Presenter.swift\" \\\n\"$INPUT_DIR/Passenger99Lite/Sources/Modules/Ride/RideRepository/RideRepositoryType.swift\"\n# ... and so forth";
		};
		7D9DE8B49FEBB849370FD81B /* [CP] Embed Pods Frameworks */ = {
			isa = PBXShellScriptBuildPhase;
			buildActionMask = 2147483647;
			files = (
			);
			inputPaths = (
			);
			name = "[CP] Embed Pods Frameworks";
			outputPaths = (
			);
			runOnlyForDeploymentPostprocessing = 0;
			shellPath = /bin/sh;
			shellScript = "\"${SRCROOT}/Pods/Target Support Files/Pods-Passenger99Lite/Pods-Passenger99Lite-frameworks.sh\"\n";
			showEnvVarsInLog = 0;
		};
		944652F8E2139AB1E4D5B41F /* [CP] Copy Pods Resources */ = {
			isa = PBXShellScriptBuildPhase;
			buildActionMask = 2147483647;
			files = (
			);
			inputPaths = (
			);
			name = "[CP] Copy Pods Resources";
			outputPaths = (
			);
			runOnlyForDeploymentPostprocessing = 0;
			shellPath = /bin/sh;
			shellScript = "\"${SRCROOT}/Pods/Target Support Files/Pods-Passenger99Lite/Pods-Passenger99Lite-resources.sh\"\n";
			showEnvVarsInLog = 0;
		};
		CA59BF5B785F1BB1B78E0051 /* [CP] Check Pods Manifest.lock */ = {
			isa = PBXShellScriptBuildPhase;
			buildActionMask = 2147483647;
			files = (
			);
			inputPaths = (
			);
			name = "[CP] Check Pods Manifest.lock";
			outputPaths = (
			);
			runOnlyForDeploymentPostprocessing = 0;
			shellPath = /bin/sh;
			shellScript = "diff \"${PODS_ROOT}/../Podfile.lock\" \"${PODS_ROOT}/Manifest.lock\" > /dev/null\nif [ $? != 0 ] ; then\n    # print error to STDERR\n    echo \"error: The sandbox is not in sync with the Podfile.lock. Run 'pod install' or update your CocoaPods installation.\" >&2\n    exit 1\nfi\n";
			showEnvVarsInLog = 0;
		};
		E66052198D1EA4DEAAD60C16 /* [CP] Copy Pods Resources */ = {
			isa = PBXShellScriptBuildPhase;
			buildActionMask = 2147483647;
			files = (
			);
			inputPaths = (
			);
			name = "[CP] Copy Pods Resources";
			outputPaths = (
			);
			runOnlyForDeploymentPostprocessing = 0;
			shellPath = /bin/sh;
			shellScript = "\"${SRCROOT}/Pods/Target Support Files/Pods-Passenger99LiteUITests/Pods-Passenger99LiteUITests-resources.sh\"\n";
			showEnvVarsInLog = 0;
		};
/* End PBXShellScriptBuildPhase section */

/* Begin PBXSourcesBuildPhase section */
		6ECC0D851E673A7B0015FF5D /* Sources */ = {
			isa = PBXSourcesBuildPhase;
			buildActionMask = 2147483647;
			files = (
				6ECC0DCF1E673B650015FF5D /* AppDelegate.swift in Sources */,
				6E62FA791E676E410023F87E /* RideRepository.swift in Sources */,
				6E62FA3F1E67614F0023F87E /* Presenter.swift in Sources */,
				6E62FA7A1E676E410023F87E /* RideRepositoryType.swift in Sources */,
				6E62FA721E676D840023F87E /* RideCompletionViewController.swift in Sources */,
				6ECC0DD81E6746FA0015FF5D /* NibLoadable.swift in Sources */,
				6E62FA751E676D840023F87E /* RideCompletionViewModel.swift in Sources */,
				6E62FA691E676CF30023F87E /* RideProgressViewModel.swift in Sources */,
				6E62FA851E6877480023F87E /* RideCompletionPresenter.swift in Sources */,
				6E62FA671E676CF30023F87E /* RideProgressViewLayout.swift in Sources */,
				6E62FA811E677D520023F87E /* Tip.swift in Sources */,
				6E62FA891E6877810023F87E /* RideProgressPresenter.swift in Sources */,
				6E62FA871E6877620023F87E /* RideProgressDefinition.swift in Sources */,
				6E62FA661E676CF30023F87E /* RideProgressViewController.swift in Sources */,
				6ECC0DD11E673C150015FF5D /* RideCoordinator.swift in Sources */,
				6E62FA831E68771D0023F87E /* RideCompletionDefinition.swift in Sources */,
				6E62FA731E676D840023F87E /* RideCompletionViewLayout.swift in Sources */,
			);
			runOnlyForDeploymentPostprocessing = 0;
		};
		6ECC0D991E673A7B0015FF5D /* Sources */ = {
			isa = PBXSourcesBuildPhase;
			buildActionMask = 2147483647;
			files = (
				7413742A1E6885F6006A9085 /* RideCompletionViewModelTests.swift in Sources */,
				6ECC0DA21E673A7B0015FF5D /* Passenger99LiteTests.swift in Sources */,
				74576A211E68B36200A5D0EB /* RideProgressViewLayoutTests.swift in Sources */,
				74576A1C1E68905E00A5D0EB /* RideCompletionPresenterTests.swift in Sources */,
				74576A241E68B3BA00A5D0EB /* RideCoordinatorTests.swift in Sources */,
				741374251E68816C006A9085 /* GeneratedMocks.swift in Sources */,
			);
			runOnlyForDeploymentPostprocessing = 0;
		};
		6ECC0DA41E673A7B0015FF5D /* Sources */ = {
			isa = PBXSourcesBuildPhase;
			buildActionMask = 2147483647;
			files = (
				6ECC0DAD1E673A7B0015FF5D /* Passenger99LiteUITests.swift in Sources */,
			);
			runOnlyForDeploymentPostprocessing = 0;
		};
/* End PBXSourcesBuildPhase section */

/* Begin PBXTargetDependency section */
		6ECC0D9F1E673A7B0015FF5D /* PBXTargetDependency */ = {
			isa = PBXTargetDependency;
			target = 6ECC0D881E673A7B0015FF5D /* Passenger99Lite */;
			targetProxy = 6ECC0D9E1E673A7B0015FF5D /* PBXContainerItemProxy */;
		};
		6ECC0DAA1E673A7B0015FF5D /* PBXTargetDependency */ = {
			isa = PBXTargetDependency;
			target = 6ECC0D881E673A7B0015FF5D /* Passenger99Lite */;
			targetProxy = 6ECC0DA91E673A7B0015FF5D /* PBXContainerItemProxy */;
		};
/* End PBXTargetDependency section */

/* Begin PBXVariantGroup section */
		6ECC0DBC1E673B420015FF5D /* LaunchScreen.storyboard */ = {
			isa = PBXVariantGroup;
			children = (
				6ECC0DBD1E673B420015FF5D /* Base */,
			);
			name = LaunchScreen.storyboard;
			sourceTree = "<group>";
		};
/* End PBXVariantGroup section */

/* Begin XCBuildConfiguration section */
		6ECC0DAF1E673A7B0015FF5D /* Debug */ = {
			isa = XCBuildConfiguration;
			buildSettings = {
				ALWAYS_SEARCH_USER_PATHS = NO;
				CLANG_ANALYZER_NONNULL = YES;
				CLANG_CXX_LANGUAGE_STANDARD = "gnu++0x";
				CLANG_CXX_LIBRARY = "libc++";
				CLANG_ENABLE_MODULES = YES;
				CLANG_ENABLE_OBJC_ARC = YES;
				CLANG_WARN_BOOL_CONVERSION = YES;
				CLANG_WARN_CONSTANT_CONVERSION = YES;
				CLANG_WARN_DIRECT_OBJC_ISA_USAGE = YES_ERROR;
				CLANG_WARN_DOCUMENTATION_COMMENTS = YES;
				CLANG_WARN_EMPTY_BODY = YES;
				CLANG_WARN_ENUM_CONVERSION = YES;
				CLANG_WARN_INFINITE_RECURSION = YES;
				CLANG_WARN_INT_CONVERSION = YES;
				CLANG_WARN_OBJC_ROOT_CLASS = YES_ERROR;
				CLANG_WARN_SUSPICIOUS_MOVE = YES;
				CLANG_WARN_UNREACHABLE_CODE = YES;
				CLANG_WARN__DUPLICATE_METHOD_MATCH = YES;
				"CODE_SIGN_IDENTITY[sdk=iphoneos*]" = "iPhone Developer";
				COPY_PHASE_STRIP = NO;
				DEBUG_INFORMATION_FORMAT = dwarf;
				ENABLE_STRICT_OBJC_MSGSEND = YES;
				ENABLE_TESTABILITY = YES;
				GCC_C_LANGUAGE_STANDARD = gnu99;
				GCC_DYNAMIC_NO_PIC = NO;
				GCC_NO_COMMON_BLOCKS = YES;
				GCC_OPTIMIZATION_LEVEL = 0;
				GCC_PREPROCESSOR_DEFINITIONS = (
					"DEBUG=1",
					"$(inherited)",
				);
				GCC_WARN_64_TO_32_BIT_CONVERSION = YES;
				GCC_WARN_ABOUT_RETURN_TYPE = YES_ERROR;
				GCC_WARN_UNDECLARED_SELECTOR = YES;
				GCC_WARN_UNINITIALIZED_AUTOS = YES_AGGRESSIVE;
				GCC_WARN_UNUSED_FUNCTION = YES;
				GCC_WARN_UNUSED_VARIABLE = YES;
				IPHONEOS_DEPLOYMENT_TARGET = 10.2;
				MTL_ENABLE_DEBUG_INFO = YES;
				ONLY_ACTIVE_ARCH = YES;
				SDKROOT = iphoneos;
				SWIFT_ACTIVE_COMPILATION_CONDITIONS = DEBUG;
				SWIFT_OPTIMIZATION_LEVEL = "-Onone";
				TARGETED_DEVICE_FAMILY = "1,2";
			};
			name = Debug;
		};
		6ECC0DB01E673A7B0015FF5D /* Release */ = {
			isa = XCBuildConfiguration;
			buildSettings = {
				ALWAYS_SEARCH_USER_PATHS = NO;
				CLANG_ANALYZER_NONNULL = YES;
				CLANG_CXX_LANGUAGE_STANDARD = "gnu++0x";
				CLANG_CXX_LIBRARY = "libc++";
				CLANG_ENABLE_MODULES = YES;
				CLANG_ENABLE_OBJC_ARC = YES;
				CLANG_WARN_BOOL_CONVERSION = YES;
				CLANG_WARN_CONSTANT_CONVERSION = YES;
				CLANG_WARN_DIRECT_OBJC_ISA_USAGE = YES_ERROR;
				CLANG_WARN_DOCUMENTATION_COMMENTS = YES;
				CLANG_WARN_EMPTY_BODY = YES;
				CLANG_WARN_ENUM_CONVERSION = YES;
				CLANG_WARN_INFINITE_RECURSION = YES;
				CLANG_WARN_INT_CONVERSION = YES;
				CLANG_WARN_OBJC_ROOT_CLASS = YES_ERROR;
				CLANG_WARN_SUSPICIOUS_MOVE = YES;
				CLANG_WARN_UNREACHABLE_CODE = YES;
				CLANG_WARN__DUPLICATE_METHOD_MATCH = YES;
				"CODE_SIGN_IDENTITY[sdk=iphoneos*]" = "iPhone Developer";
				COPY_PHASE_STRIP = NO;
				DEBUG_INFORMATION_FORMAT = "dwarf-with-dsym";
				ENABLE_NS_ASSERTIONS = NO;
				ENABLE_STRICT_OBJC_MSGSEND = YES;
				GCC_C_LANGUAGE_STANDARD = gnu99;
				GCC_NO_COMMON_BLOCKS = YES;
				GCC_WARN_64_TO_32_BIT_CONVERSION = YES;
				GCC_WARN_ABOUT_RETURN_TYPE = YES_ERROR;
				GCC_WARN_UNDECLARED_SELECTOR = YES;
				GCC_WARN_UNINITIALIZED_AUTOS = YES_AGGRESSIVE;
				GCC_WARN_UNUSED_FUNCTION = YES;
				GCC_WARN_UNUSED_VARIABLE = YES;
				IPHONEOS_DEPLOYMENT_TARGET = 10.2;
				MTL_ENABLE_DEBUG_INFO = NO;
				SDKROOT = iphoneos;
				SWIFT_OPTIMIZATION_LEVEL = "-Owholemodule";
				TARGETED_DEVICE_FAMILY = "1,2";
				VALIDATE_PRODUCT = YES;
			};
			name = Release;
		};
		6ECC0DB21E673A7B0015FF5D /* Debug */ = {
			isa = XCBuildConfiguration;
			baseConfigurationReference = FF421977282E658651CB95DE /* Pods-Passenger99Lite.debug.xcconfig */;
			buildSettings = {
				ALWAYS_EMBED_SWIFT_STANDARD_LIBRARIES = "$(inherited)";
				ASSETCATALOG_COMPILER_APPICON_NAME = AppIcon;
				DEVELOPMENT_TEAM = X36AT7C9SA;
				INFOPLIST_FILE = "$(SRCROOT)/Passenger99Lite/Resources/Info.plist";
				LD_RUNPATH_SEARCH_PATHS = "$(inherited) @executable_path/Frameworks";
				PRODUCT_BUNDLE_IDENTIFIER = com.99.Passenger99Lite;
				PRODUCT_NAME = "$(TARGET_NAME)";
				SWIFT_VERSION = 3.0;
			};
			name = Debug;
		};
		6ECC0DB31E673A7B0015FF5D /* Release */ = {
			isa = XCBuildConfiguration;
			baseConfigurationReference = ACA44C32080AC6FEB11B33CC /* Pods-Passenger99Lite.release.xcconfig */;
			buildSettings = {
				ALWAYS_EMBED_SWIFT_STANDARD_LIBRARIES = "$(inherited)";
				ASSETCATALOG_COMPILER_APPICON_NAME = AppIcon;
				DEVELOPMENT_TEAM = X36AT7C9SA;
				INFOPLIST_FILE = "$(SRCROOT)/Passenger99Lite/Resources/Info.plist";
				LD_RUNPATH_SEARCH_PATHS = "$(inherited) @executable_path/Frameworks";
				PRODUCT_BUNDLE_IDENTIFIER = com.99.Passenger99Lite;
				PRODUCT_NAME = "$(TARGET_NAME)";
				SWIFT_VERSION = 3.0;
			};
			name = Release;
		};
		6ECC0DB51E673A7B0015FF5D /* Debug */ = {
			isa = XCBuildConfiguration;
			baseConfigurationReference = D621A2877B8E803E0C60F7DD /* Pods-Passenger99LiteTests.debug.xcconfig */;
			buildSettings = {
				ALWAYS_EMBED_SWIFT_STANDARD_LIBRARIES = "$(inherited)";
				BUNDLE_LOADER = "$(TEST_HOST)";
				DEVELOPMENT_TEAM = X36AT7C9SA;
				INFOPLIST_FILE = Passenger99LiteTests/Info.plist;
				LD_RUNPATH_SEARCH_PATHS = "$(inherited) @executable_path/Frameworks @loader_path/Frameworks";
				PRODUCT_BUNDLE_IDENTIFIER = com.99.Passenger99LiteTests;
				PRODUCT_NAME = "$(TARGET_NAME)";
				SWIFT_VERSION = 3.0;
				TEST_HOST = "$(BUILT_PRODUCTS_DIR)/Passenger99Lite.app/Passenger99Lite";
			};
			name = Debug;
		};
		6ECC0DB61E673A7B0015FF5D /* Release */ = {
			isa = XCBuildConfiguration;
			baseConfigurationReference = 73E81B242B979391801BA667 /* Pods-Passenger99LiteTests.release.xcconfig */;
			buildSettings = {
				ALWAYS_EMBED_SWIFT_STANDARD_LIBRARIES = "$(inherited)";
				BUNDLE_LOADER = "$(TEST_HOST)";
				DEVELOPMENT_TEAM = X36AT7C9SA;
				INFOPLIST_FILE = Passenger99LiteTests/Info.plist;
				LD_RUNPATH_SEARCH_PATHS = "$(inherited) @executable_path/Frameworks @loader_path/Frameworks";
				PRODUCT_BUNDLE_IDENTIFIER = com.99.Passenger99LiteTests;
				PRODUCT_NAME = "$(TARGET_NAME)";
				SWIFT_VERSION = 3.0;
				TEST_HOST = "$(BUILT_PRODUCTS_DIR)/Passenger99Lite.app/Passenger99Lite";
			};
			name = Release;
		};
		6ECC0DB81E673A7B0015FF5D /* Debug */ = {
			isa = XCBuildConfiguration;
			baseConfigurationReference = 2154A53075522CEC1FBE0EB8 /* Pods-Passenger99LiteUITests.debug.xcconfig */;
			buildSettings = {
				ALWAYS_EMBED_SWIFT_STANDARD_LIBRARIES = "$(inherited)";
				DEVELOPMENT_TEAM = X36AT7C9SA;
				INFOPLIST_FILE = Passenger99LiteUITests/Info.plist;
				LD_RUNPATH_SEARCH_PATHS = "$(inherited) @executable_path/Frameworks @loader_path/Frameworks";
				PRODUCT_BUNDLE_IDENTIFIER = com.99.Passenger99LiteUITests;
				PRODUCT_NAME = "$(TARGET_NAME)";
				SWIFT_VERSION = 3.0;
				TEST_TARGET_NAME = Passenger99Lite;
			};
			name = Debug;
		};
		6ECC0DB91E673A7B0015FF5D /* Release */ = {
			isa = XCBuildConfiguration;
			baseConfigurationReference = 7DFF7DDF1648609FD184B748 /* Pods-Passenger99LiteUITests.release.xcconfig */;
			buildSettings = {
				ALWAYS_EMBED_SWIFT_STANDARD_LIBRARIES = "$(inherited)";
				DEVELOPMENT_TEAM = X36AT7C9SA;
				INFOPLIST_FILE = Passenger99LiteUITests/Info.plist;
				LD_RUNPATH_SEARCH_PATHS = "$(inherited) @executable_path/Frameworks @loader_path/Frameworks";
				PRODUCT_BUNDLE_IDENTIFIER = com.99.Passenger99LiteUITests;
				PRODUCT_NAME = "$(TARGET_NAME)";
				SWIFT_VERSION = 3.0;
				TEST_TARGET_NAME = Passenger99Lite;
			};
			name = Release;
		};
/* End XCBuildConfiguration section */

/* Begin XCConfigurationList section */
		6ECC0D841E673A7B0015FF5D /* Build configuration list for PBXProject "Passenger99Lite" */ = {
			isa = XCConfigurationList;
			buildConfigurations = (
				6ECC0DAF1E673A7B0015FF5D /* Debug */,
				6ECC0DB01E673A7B0015FF5D /* Release */,
			);
			defaultConfigurationIsVisible = 0;
			defaultConfigurationName = Release;
		};
		6ECC0DB11E673A7B0015FF5D /* Build configuration list for PBXNativeTarget "Passenger99Lite" */ = {
			isa = XCConfigurationList;
			buildConfigurations = (
				6ECC0DB21E673A7B0015FF5D /* Debug */,
				6ECC0DB31E673A7B0015FF5D /* Release */,
			);
			defaultConfigurationIsVisible = 0;
			defaultConfigurationName = Release;
		};
		6ECC0DB41E673A7B0015FF5D /* Build configuration list for PBXNativeTarget "Passenger99LiteTests" */ = {
			isa = XCConfigurationList;
			buildConfigurations = (
				6ECC0DB51E673A7B0015FF5D /* Debug */,
				6ECC0DB61E673A7B0015FF5D /* Release */,
			);
			defaultConfigurationIsVisible = 0;
			defaultConfigurationName = Release;
		};
		6ECC0DB71E673A7B0015FF5D /* Build configuration list for PBXNativeTarget "Passenger99LiteUITests" */ = {
			isa = XCConfigurationList;
			buildConfigurations = (
				6ECC0DB81E673A7B0015FF5D /* Debug */,
				6ECC0DB91E673A7B0015FF5D /* Release */,
			);
			defaultConfigurationIsVisible = 0;
			defaultConfigurationName = Release;
		};
/* End XCConfigurationList section */
	};
	rootObject = 6ECC0D811E673A7B0015FF5D /* Project object */;
}
